# This file is autogenerated, do not edit; changes may be undone by the next 'dep ensure'.


[[projects]]
  name = "github.com/DataDog/dd-trace-go"
  packages = [
    "opentracing",
    "tracer",
    "tracer/ext"
  ]
  revision = "27617015d45e6cd550b9a7ac7715c37cc2f7d020"
  version = "v0.6.1"

[[projects]]
  name = "github.com/Shopify/sarama"
  packages = ["."]
  revision = "ec843464b50d4c8b56403ec9d589cf41ea30e722"
  version = "v1.19.0"

[[projects]]
  name = "github.com/apache/thrift"
  packages = ["lib/go/thrift"]
  revision = "e59b73d3c2bf1c328ccb78e683c0462fa1a473c7"

[[projects]]
  branch = "master"
  name = "github.com/beorn7/perks"
  packages = ["quantile"]
  revision = "3a771d992973f24aa725d07868b467d1ddfceafb"

[[projects]]
  name = "github.com/coredns/coredns"
  packages = [
    "core/dnsserver",
    "coremain",
    "pb",
    "plugin",
    "plugin/auto",
    "plugin/autopath",
    "plugin/bind",
    "plugin/cache",
    "plugin/cache/freq",
    "plugin/debug",
    "plugin/dnstap",
    "plugin/dnstap/dnstapio",
    "plugin/dnstap/msg",
    "plugin/dnstap/taprw",
    "plugin/errors",
    "plugin/etcd/msg",
    "plugin/file",
    "plugin/file/tree",
    "plugin/forward",
    "plugin/health",
    "plugin/hosts",
    "plugin/loadbalance",
    "plugin/log",
    "plugin/metadata",
    "plugin/metrics",
    "plugin/metrics/vars",
    "plugin/nsid",
    "plugin/pkg/cache",
    "plugin/pkg/dnstest",
    "plugin/pkg/dnsutil",
    "plugin/pkg/doh",
    "plugin/pkg/edns",
    "plugin/pkg/fall",
    "plugin/pkg/fuzz",
    "plugin/pkg/healthcheck",
    "plugin/pkg/log",
    "plugin/pkg/nonwriter",
    "plugin/pkg/parse",
    "plugin/pkg/rcode",
    "plugin/pkg/replacer",
    "plugin/pkg/response",
    "plugin/pkg/tls",
    "plugin/pkg/trace",
    "plugin/pkg/transport",
    "plugin/pkg/uniq",
    "plugin/pkg/up",
    "plugin/pkg/upstream",
    "plugin/pkg/watch",
    "plugin/proxy",
    "plugin/reload",
    "plugin/rewrite",
    "plugin/root",
    "plugin/secondary",
    "plugin/template",
    "plugin/test",
    "plugin/tls",
    "plugin/trace",
    "plugin/whoami",
    "request"
  ]
  revision = "756749c5cad4cd40453b82f70592bc19bb9ccb15"
  version = "v1.2.6"

[[projects]]
  name = "github.com/davecgh/go-spew"
  packages = ["spew"]
  revision = "8991bc29aa16c548c550c7ff78260e27b9ab7c73"
  version = "v1.1.1"

[[projects]]
  branch = "master"
  name = "github.com/dnstap/golang-dnstap"
  packages = ["."]
  revision = "2cf77a2b5e11ac8d0ba3892772ac8e1f7b528344"

[[projects]]
  name = "github.com/eapache/go-resiliency"
  packages = ["breaker"]
  revision = "ea41b0fad31007accc7f806884dcdf3da98b79ce"
  version = "v1.1.0"

[[projects]]
  branch = "master"
  name = "github.com/eapache/go-xerial-snappy"
  packages = ["."]
  revision = "776d5712da21bc4762676d614db1d8a64f4238b0"

[[projects]]
  name = "github.com/eapache/queue"
  packages = ["."]
  revision = "44cc805cf13205b55f69e14bcb69867d1ae92f98"
  version = "v1.1.0"

[[projects]]
  branch = "master"
  name = "github.com/farsightsec/golang-framestream"
  packages = ["."]
  revision = "8a0cb8ba87105c2d27e725e48e50ce0b5c521d57"

[[projects]]
  branch = "master"
  name = "github.com/flynn/go-shlex"
  packages = ["."]
  revision = "3f9db97f856818214da2e1057f8ad84803971cff"

[[projects]]
  name = "github.com/go-logfmt/logfmt"
  packages = ["."]
  revision = "390ab7935ee28ec6b286364bba9b4dd6410cb3d5"
  version = "v0.3.0"

[[projects]]
  name = "github.com/gogo/protobuf"
  packages = ["proto"]
  revision = "636bf0302bc95575d69441b25a2603156ffdddf1"
  version = "v1.1.1"

[[projects]]
  name = "github.com/golang/protobuf"
  packages = [
    "proto",
    "ptypes",
    "ptypes/any",
    "ptypes/duration",
    "ptypes/timestamp"
  ]
  revision = "aa810b61a9c79d51363740d207bb46cf8e620ed5"
  version = "v1.2.0"

[[projects]]
  branch = "master"
  name = "github.com/golang/snappy"
  packages = ["."]
  revision = "2e65f85255dbc3072edf28d6b5b8efc472979f5a"

[[projects]]
  name = "github.com/google/uuid"
  packages = ["."]
  revision = "9b3b1e0f5f99ae461456d768e7d301a7acdaa2d8"
  version = "v1.1.0"

[[projects]]
  branch = "master"
  name = "github.com/grpc-ecosystem/grpc-opentracing"
  packages = ["go/otgrpc"]
  revision = "8e809c8a86450a29b90dcc9efbf062d0fe6d9746"

[[projects]]
  branch = "master"
  name = "github.com/kr/logfmt"
  packages = ["."]
  revision = "b84e30acd515aadc4b783ad4ff83aff3299bdfe0"

[[projects]]
  name = "github.com/matttproud/golang_protobuf_extensions"
  packages = ["pbutil"]
  revision = "c12348ce28de40eed0136aa2b644d0ee0650e56c"
  version = "v1.0.1"

[[projects]]
  name = "github.com/mholt/caddy"
  packages = [
    ".",
    "caddyfile",
    "telemetry"
  ]
  revision = "6f580c6aa36c54c3e1c65b5c609550a8a2508e3e"
  version = "v0.11.1"

[[projects]]
  name = "github.com/miekg/dns"
  packages = ["."]
  revision = "7064f7248f5fa5fd79382a76328b4e200b79e4ae"
  version = "v1.0.15"

[[projects]]
  name = "github.com/nsqio/go-nsq"
  packages = ["."]
  revision = "eee57a3ac4174c55924125bb15eeeda8cffb6e6f"
  version = "v1.0.7"

[[projects]]
  branch = "master"
  name = "github.com/opentracing-contrib/go-observer"
  packages = ["."]
  revision = "a52f2342449246d5bcc273e65cbdcfa5f7d6c63c"

[[projects]]
  name = "github.com/opentracing/opentracing-go"
  packages = [
    ".",
    "ext",
    "log"
  ]
  revision = "1949ddbfd147afd4d964a9f00b24eb291e0e7c38"
  version = "v1.0.2"

[[projects]]
  name = "github.com/openzipkin/zipkin-go-opentracing"
  packages = [
    ".",
    "flag",
    "thrift/gen-go/scribe",
    "thrift/gen-go/zipkincore",
    "types",
    "wire"
  ]
  revision = "26cf9707480e6b90e5eff22cf0bbf05319154232"
  version = "v0.3.4"

[[projects]]
  name = "github.com/pierrec/lz4"
  packages = [
    ".",
    "internal/xxh32"
  ]
  revision = "635575b42742856941dbc767b44905bb9ba083f6"
  version = "v2.0.7"

[[projects]]
  name = "github.com/prometheus/client_golang"
  packages = [
    "prometheus",
    "prometheus/promhttp"
  ]
  revision = "c5b7fccd204277076155f10851dad72b76a49317"
  version = "v0.8.0"

[[projects]]
  branch = "master"
  name = "github.com/prometheus/client_model"
  packages = ["go"]
  revision = "5c3871d89910bfb32f5fcab2aa4b9ec68e65a99f"

[[projects]]
  branch = "master"
  name = "github.com/prometheus/common"
  packages = [
    "expfmt",
    "internal/bitbucket.org/ww/goautoneg",
    "model"
  ]
  revision = "aeab699e26f4d4089dba5e522e5d9babd2adbaf7"

[[projects]]
  branch = "master"
  name = "github.com/prometheus/procfs"
  packages = [
    ".",
    "internal/util",
    "nfs",
    "xfs"
  ]
  revision = "185b4288413d2a0dd0806f78c90dde719829e5ae"

[[projects]]
  branch = "master"
  name = "github.com/rcrowley/go-metrics"
  packages = ["."]
  revision = "3113b8401b8a98917cde58f8bbd42a1b1c03b1fd"

[[projects]]
  name = "github.com/ugorji/go"
  packages = ["codec"]
  revision = "9c7f9b7a2bc3a520f7c7b30b34b7f85f47fe27b6"

[[projects]]
  branch = "master"
  name = "golang.org/x/crypto"
  packages = [
    "ed25519",
    "ed25519/internal/edwards25519"
  ]
  revision = "3d3f9f413869b949e48070b5bc593aa22cc2b8f2"

[[projects]]
  branch = "master"
  name = "golang.org/x/net"
  packages = [
    "bpf",
    "context",
    "http/httpguts",
    "http2",
    "http2/hpack",
    "idna",
    "internal/iana",
    "internal/socket",
    "internal/timeseries",
    "ipv4",
    "ipv6",
    "trace"
  ]
  revision = "adae6a3d119ae4890b46832a2e88a95adc62b8e7"

[[projects]]
  branch = "master"
  name = "golang.org/x/sys"
  packages = [
    "unix",
    "windows"
  ]
  revision = "0cf1ed9e522b7dbb416f080a5c8003de9b702bf4"

[[projects]]
  name = "golang.org/x/text"
  packages = [
    "collate",
    "collate/build",
    "internal/colltab",
    "internal/gen",
    "internal/tag",
    "internal/triegen",
    "internal/ucd",
    "language",
    "secure/bidirule",
    "transform",
    "unicode/bidi",
    "unicode/cldr",
    "unicode/norm",
    "unicode/rangetable"
  ]
  revision = "f21a4dfb5e38f5895301dc265a8def02365cc3d0"
  version = "v0.3.0"

[[projects]]
  branch = "master"
  name = "google.golang.org/genproto"
  packages = ["googleapis/rpc/status"]
  revision = "b5d43981345bdb2c233eb4bf3277847b48c6fdc6"

[[projects]]
  name = "google.golang.org/grpc"
  packages = [
    ".",
    "balancer",
    "balancer/base",
    "balancer/roundrobin",
    "codes",
    "connectivity",
    "credentials",
    "encoding",
    "encoding/proto",
    "grpclog",
    "internal",
    "internal/backoff",
    "internal/channelz",
    "internal/envconfig",
    "internal/grpcrand",
    "internal/transport",
    "keepalive",
    "metadata",
    "naming",
    "peer",
    "resolver",
    "resolver/dns",
    "resolver/passthrough",
    "stats",
    "status",
    "tap"
  ]
  revision = "2e463a05d100327ca47ac218281906921038fd95"
  version = "v1.16.0"

[[projects]]
  name = "jw4.us/nspub"
  packages = ["."]
  revision = "12f6f42a10120f855c9594234689061a7995bd08"
  version = "v0.0.1"

[solve-meta]
  analyzer-name = "dep"
  analyzer-version = 1
  inputs-digest = "32ea059c1d760ff8718f1bc9d2411c50e322bfd24a552a1deb992375428dba4c"
  solver-name = "gps-cdcl"
  solver-version = 1
